
Microsoft Visual Studio Solution File, Format Version 12.00
# Visual Studio Version 16
VisualStudioVersion = 16.0.28803.202
MinimumVisualStudioVersion = 10.0.40219.1
Project("{FAE04EC0-301F-11D3-BF4B-00C04F79EFBC}") = "GrayBlue_WinProxy", "GrayBlue_WinProxy\GrayBlue_WinProxy.csproj", "{74D6CF40-97A5-4D68-9695-8D9D27815CA8}"
EndProject
Global
	GlobalSection(SolutionConfigurationPlatforms) = preSolution
		Debug|Any CPU = Debug|Any CPU
		Release|Any CPU = Release|Any CPU
	EndGlobalSection
	GlobalSection(ProjectConfigurationPlatforms) = postSolution
		{74D6CF40-97A5-4D68-9695-8D9D27815CA8}.Debug|Any CPU.ActiveCfg = Debug|Any CPU
		{74D6CF40-97A5-4D68-9695-8D9D27815CA8}.Debug|Any CPU.Build.0 = Debug|Any CPU
		{74D6CF40-97A5-4D68-9695-8D9D27815CA8}.Release|Any CPU.ActiveCfg = Release|Any CPU
		{74D6CF40-97A5-4D68-9695-8D9D27815CA8}.Release|Any CPU.Build.0 = Release|Any CPU
	EndGlobalSection
	GlobalSection(SolutionProperties) = preSolution
		HideSolutionNode = FALSE
	EndGlobalSection
	GlobalSection(ExtensibilityGlobals) = postSolution
		SolutionGuid = {7923B77E-BDF6-45F4-941C-EF4002D5DFE7}
	EndGlobalSection
EndGlobal
